
Microsoft Visual Studio Solution File, Format Version 12.00
# Visual Studio 2013
VisualStudioVersion = 12.0.30501.0
MinimumVisualStudioVersion = 10.0.40219.1
Project("{8BC9CEB8-8B4A-11D0-8D11-00A0C91BC942}") = "Spider", "Spider\Spider.vcxproj", "{A16AB43A-E23C-4B80-892B-AA85DE2AF9B1}"
EndProject
Global
	GlobalSection(SolutionConfigurationPlatforms) = preSolution
		Debug|Win32 = Debug|Win32
		Release|Win32 = Release|Win32
	EndGlobalSection
	GlobalSection(ProjectConfigurationPlatforms) = postSolution
		{A16AB43A-E23C-4B80-892B-AA85DE2AF9B1}.Debug|Win32.ActiveCfg = Debug|Win32
		{A16AB43A-E23C-4B80-892B-AA85DE2AF9B1}.Debug|Win32.Build.0 = Debug|Win32
		{A16AB43A-E23C-4B80-892B-AA85DE2AF9B1}.Release|Win32.ActiveCfg = Release|Win32
		{A16AB43A-E23C-4B80-892B-AA85DE2AF9B1}.Release|Win32.Build.0 = Release|Win32
	EndGlobalSection
	GlobalSection(SolutionProperties) = preSolution
		HideSolutionNode = FALSE
	EndGlobalSection
EndGlobal
